
Microsoft Visual Studio Solution File, Format Version 12.00
# Visual Studio 15
VisualStudioVersion = 15.0.28010.2041
MinimumVisualStudioVersion = 10.0.40219.1
Project("{FAE04EC0-301F-11D3-BF4B-00C04F79EFBC}") = "Bonus16", "Bonus16\Bonus16.csproj", "{8A11F40F-AFBB-4960-AF3F-338B3862580E}"
EndProject
Global
	GlobalSection(SolutionConfigurationPlatforms) = preSolution
		Debug|Any CPU = Debug|Any CPU
		Release|Any CPU = Release|Any CPU
	EndGlobalSection
	GlobalSection(ProjectConfigurationPlatforms) = postSolution
		{8A11F40F-AFBB-4960-AF3F-338B3862580E}.Debug|Any CPU.ActiveCfg = Debug|Any CPU
		{8A11F40F-AFBB-4960-AF3F-338B3862580E}.Debug|Any CPU.Build.0 = Debug|Any CPU
		{8A11F40F-AFBB-4960-AF3F-338B3862580E}.Release|Any CPU.ActiveCfg = Release|Any CPU
		{8A11F40F-AFBB-4960-AF3F-338B3862580E}.Release|Any CPU.Build.0 = Release|Any CPU
	EndGlobalSection
	GlobalSection(SolutionProperties) = preSolution
		HideSolutionNode = FALSE
	EndGlobalSection
	GlobalSection(ExtensibilityGlobals) = postSolution
		SolutionGuid = {A061BC74-94D9-46A1-BD81-C00A6340097D}
	EndGlobalSection
EndGlobal
